// !$*UTF8*$!
{
	archiveVersion = 1;
	classes = {
	};
	objectVersion = 46;
	objects = {

/* Begin PBXBuildFile section */
		661F51E01DD462F200206AFF /* TAAbstractDotView.m in Sources */ = {isa = PBXBuildFile; fileRef = 661F51D11DD462F200206AFF /* TAAbstractDotView.m */; };
		661F51E11DD462F200206AFF /* TAAnimatedDotView.m in Sources */ = {isa = PBXBuildFile; fileRef = 661F51D31DD462F200206AFF /* TAAnimatedDotView.m */; };
		661F51E21DD462F200206AFF /* TADotView.m in Sources */ = {isa = PBXBuildFile; fileRef = 661F51D51DD462F200206AFF /* TADotView.m */; };
		661F51E31DD462F200206AFF /* TAPageControl.m in Sources */ = {isa = PBXBuildFile; fileRef = 661F51D71DD462F200206AFF /* TAPageControl.m */; };
		661F51E41DD462F200206AFF /* pageDot1@2x.png in Resources */ = {isa = PBXBuildFile; fileRef = 661F51D81DD462F200206AFF /* pageDot1@2x.png */; };
		661F51E51DD462F200206AFF /* pageDot2@2x.png in Resources */ = {isa = PBXBuildFile; fileRef = 661F51D91DD462F200206AFF /* pageDot2@2x.png */; };
		661F51E61DD462F200206AFF /* SDCollectionViewCell.m in Sources */ = {isa = PBXBuildFile; fileRef = 661F51DB1DD462F200206AFF /* SDCollectionViewCell.m */; };
		661F51E71DD462F200206AFF /* SDCycleScrollView.m in Sources */ = {isa = PBXBuildFile; fileRef = 661F51DD1DD462F200206AFF /* SDCycleScrollView.m */; };
		661F51E81DD462F200206AFF /* UIView+SDExtension.m in Sources */ = {isa = PBXBuildFile; fileRef = 661F51DF1DD462F200206AFF /* UIView+SDExtension.m */; };
		661F520B1DD48BC800206AFF /* MKAnnotationView+WebCache.m in Sources */ = {isa = PBXBuildFile; fileRef = 661F51EB1DD48BC800206AFF /* MKAnnotationView+WebCache.m */; };
		661F520C1DD48BC800206AFF /* NSData+ImageContentType.m in Sources */ = {isa = PBXBuildFile; fileRef = 661F51ED1DD48BC800206AFF /* NSData+ImageContentType.m */; };
		661F520D1DD48BC800206AFF /* SDImageCache.m in Sources */ = {isa = PBXBuildFile; fileRef = 661F51EF1DD48BC800206AFF /* SDImageCache.m */; };
		661F520E1DD48BC800206AFF /* SDWebImageCompat.m in Sources */ = {isa = PBXBuildFile; fileRef = 661F51F11DD48BC800206AFF /* SDWebImageCompat.m */; };
		661F520F1DD48BC800206AFF /* SDWebImageDecoder.m in Sources */ = {isa = PBXBuildFile; fileRef = 661F51F31DD48BC800206AFF /* SDWebImageDecoder.m */; };
		661F52101DD48BC800206AFF /* SDWebImageDownloader.m in Sources */ = {isa = PBXBuildFile; fileRef = 661F51F51DD48BC800206AFF /* SDWebImageDownloader.m */; };
		661F52111DD48BC800206AFF /* SDWebImageDownloaderOperation.m in Sources */ = {isa = PBXBuildFile; fileRef = 661F51F71DD48BC800206AFF /* SDWebImageDownloaderOperation.m */; };
		661F52121DD48BC800206AFF /* SDWebImageManager.m in Sources */ = {isa = PBXBuildFile; fileRef = 661F51F91DD48BC800206AFF /* SDWebImageManager.m */; };
		661F52131DD48BC800206AFF /* SDWebImagePrefetcher.m in Sources */ = {isa = PBXBuildFile; fileRef = 661F51FC1DD48BC800206AFF /* SDWebImagePrefetcher.m */; };
		661F52141DD48BC800206AFF /* UIButton+WebCache.m in Sources */ = {isa = PBXBuildFile; fileRef = 661F51FE1DD48BC800206AFF /* UIButton+WebCache.m */; };
		661F52151DD48BC800206AFF /* UIImage+GIF.m in Sources */ = {isa = PBXBuildFile; fileRef = 661F52001DD48BC800206AFF /* UIImage+GIF.m */; };
		661F52161DD48BC800206AFF /* UIImage+MultiFormat.m in Sources */ = {isa = PBXBuildFile; fileRef = 661F52021DD48BC800206AFF /* UIImage+MultiFormat.m */; };
		661F52171DD48BC800206AFF /* UIImage+WebP.m in Sources */ = {isa = PBXBuildFile; fileRef = 661F52041DD48BC800206AFF /* UIImage+WebP.m */; };
		661F52181DD48BC800206AFF /* UIImageView+HighlightedWebCache.m in Sources */ = {isa = PBXBuildFile; fileRef = 661F52061DD48BC800206AFF /* UIImageView+HighlightedWebCache.m */; };
		661F52191DD48BC800206AFF /* UIImageView+WebCache.m in Sources */ = {isa = PBXBuildFile; fileRef = 661F52081DD48BC800206AFF /* UIImageView+WebCache.m */; };
		661F521A1DD48BC800206AFF /* UIView+WebCacheOperation.m in Sources */ = {isa = PBXBuildFile; fileRef = 661F520A1DD48BC800206AFF /* UIView+WebCacheOperation.m */; };
		662A06491DCC23C90053908F /* UIView+FrameExtension.m in Sources */ = {isa = PBXBuildFile; fileRef = 662A06481DCC23C90053908F /* UIView+FrameExtension.m */; };
		662A52C91DC737F500E18399 /* DataBase.m in Sources */ = {isa = PBXBuildFile; fileRef = 662A52C51DC737F500E18399 /* DataBase.m */; };
		662A52CA1DC737F500E18399 /* newImage.png in Resources */ = {isa = PBXBuildFile; fileRef = 662A52C61DC737F500E18399 /* newImage.png */; };
		662A52CB1DC737F500E18399 /* Person.m in Sources */ = {isa = PBXBuildFile; fileRef = 662A52C81DC737F500E18399 /* Person.m */; };
		66ED18D51DB7762900B7A8DC /* BLKLockSecretUtil.mm in Sources */ = {isa = PBXBuildFile; fileRef = 66ED18D01DB7762900B7A8DC /* BLKLockSecretUtil.mm */; };
		66ED18D61DB7762900B7A8DC /* LCEncryption.m in Sources */ = {isa = PBXBuildFile; fileRef = 66ED18D21DB7762900B7A8DC /* LCEncryption.m */; };
		66ED18D71DB7762900B7A8DC /* NSString+Hash.m in Sources */ = {isa = PBXBuildFile; fileRef = 66ED18D41DB7762900B7A8DC /* NSString+Hash.m */; };
		66ED18DB1DB7765B00B7A8DC /* LCBLEManager.m in Sources */ = {isa = PBXBuildFile; fileRef = 66ED18DA1DB7765B00B7A8DC /* LCBLEManager.m */; };
		66F28BB81DBDF2BA000B342E /* NSData+AES256.m in Sources */ = {isa = PBXBuildFile; fileRef = 66F28BB71DBDF2BA000B342E /* NSData+AES256.m */; };
		66F28BBB1DBDF342000B342E /* NSString+AES256.m in Sources */ = {isa = PBXBuildFile; fileRef = 66F28BBA1DBDF342000B342E /* NSString+AES256.m */; };
		66F28BBF1DBDFB46000B342E /* LCImageManager.m in Sources */ = {isa = PBXBuildFile; fileRef = 66F28BBE1DBDFB46000B342E /* LCImageManager.m */; };
		66F28BE71DBE02F2000B342E /* followup_highlight@2x.png in Resources */ = {isa = PBXBuildFile; fileRef = 66F28BDB1DBE02F1000B342E /* followup_highlight@2x.png */; };
		66F28BE81DBE02F2000B342E /* followup_highlight@3x.png in Resources */ = {isa = PBXBuildFile; fileRef = 66F28BDC1DBE02F1000B342E /* followup_highlight@3x.png */; };
		66F28BE91DBE02F2000B342E /* followup_normal@2x.png in Resources */ = {isa = PBXBuildFile; fileRef = 66F28BDD1DBE02F1000B342E /* followup_normal@2x.png */; };
		66F28BEA1DBE02F2000B342E /* followup_normal@3x.png in Resources */ = {isa = PBXBuildFile; fileRef = 66F28BDE1DBE02F1000B342E /* followup_normal@3x.png */; };
		66F28BEB1DBE02F2000B342E /* history_highlight@2x.png in Resources */ = {isa = PBXBuildFile; fileRef = 66F28BDF1DBE02F1000B342E /* history_highlight@2x.png */; };
		66F28BEC1DBE02F2000B342E /* history_highlight@3x.png in Resources */ = {isa = PBXBuildFile; fileRef = 66F28BE01DBE02F1000B342E /* history_highlight@3x.png */; };
		66F28BED1DBE02F2000B342E /* history_normal@2x.png in Resources */ = {isa = PBXBuildFile; fileRef = 66F28BE11DBE02F1000B342E /* history_normal@2x.png */; };
		66F28BEE1DBE02F2000B342E /* history_normal@3x.png in Resources */ = {isa = PBXBuildFile; fileRef = 66F28BE21DBE02F1000B342E /* history_normal@3x.png */; };
		66F28BEF1DBE02F2000B342E /* user_highlight@2x.png in Resources */ = {isa = PBXBuildFile; fileRef = 66F28BE31DBE02F2000B342E /* user_highlight@2x.png */; };
		66F28BF01DBE02F2000B342E /* user_highlight@3x.png in Resources */ = {isa = PBXBuildFile; fileRef = 66F28BE41DBE02F2000B342E /* user_highlight@3x.png */; };
		66F28BF11DBE02F2000B342E /* user_normal@2x.png in Resources */ = {isa = PBXBuildFile; fileRef = 66F28BE51DBE02F2000B342E /* user_normal@2x.png */; };
		66F28BF21DBE02F2000B342E /* user_normal@3x.png in Resources */ = {isa = PBXBuildFile; fileRef = 66F28BE61DBE02F2000B342E /* user_normal@3x.png */; };
		66F28BF61DBE0316000B342E /* OneViewController.m in Sources */ = {isa = PBXBuildFile; fileRef = 66F28BF41DBE0316000B342E /* OneViewController.m */; };
		66F28BF71DBE0316000B342E /* OneViewController.xib in Resources */ = {isa = PBXBuildFile; fileRef = 66F28BF51DBE0316000B342E /* OneViewController.xib */; };
		66F28BFB1DBE032B000B342E /* TwoViewController.m in Sources */ = {isa = PBXBuildFile; fileRef = 66F28BF91DBE032B000B342E /* TwoViewController.m */; };
		66F28BFC1DBE032B000B342E /* TwoViewController.xib in Resources */ = {isa = PBXBuildFile; fileRef = 66F28BFA1DBE032B000B342E /* TwoViewController.xib */; };
		66F28C001DBE0337000B342E /* ThreeViewController.m in Sources */ = {isa = PBXBuildFile; fileRef = 66F28BFE1DBE0337000B342E /* ThreeViewController.m */; };
		66F28C011DBE0337000B342E /* ThreeViewController.xib in Resources */ = {isa = PBXBuildFile; fileRef = 66F28BFF1DBE0337000B342E /* ThreeViewController.xib */; };
		66F500861DAE1A49002E2854 /* main.m in Sources */ = {isa = PBXBuildFile; fileRef = 66F500851DAE1A49002E2854 /* main.m */; };
		66F500891DAE1A49002E2854 /* AppDelegate.m in Sources */ = {isa = PBXBuildFile; fileRef = 66F500881DAE1A49002E2854 /* AppDelegate.m */; };
		66F5008C1DAE1A49002E2854 /* ViewController.m in Sources */ = {isa = PBXBuildFile; fileRef = 66F5008B1DAE1A49002E2854 /* ViewController.m */; };
		66F5008F1DAE1A49002E2854 /* Main.storyboard in Resources */ = {isa = PBXBuildFile; fileRef = 66F5008D1DAE1A49002E2854 /* Main.storyboard */; };
		66F500911DAE1A49002E2854 /* Assets.xcassets in Resources */ = {isa = PBXBuildFile; fileRef = 66F500901DAE1A49002E2854 /* Assets.xcassets */; };
		66F500941DAE1A49002E2854 /* LaunchScreen.storyboard in Resources */ = {isa = PBXBuildFile; fileRef = 66F500921DAE1A49002E2854 /* LaunchScreen.storyboard */; };
		7AFFB9AAD457E5F4286AE179 /* libPods-LCTools.a in Frameworks */ = {isa = PBXBuildFile; fileRef = B8714FD57688ED456E440C73 /* libPods-LCTools.a */; };
/* End PBXBuildFile section */

/* Begin PBXFileReference section */
		2EDA774984989D25F3E51549 /* Pods-LCTools.release.xcconfig */ = {isa = PBXFileReference; includeInIndex = 1; lastKnownFileType = text.xcconfig; name = "Pods-LCTools.release.xcconfig"; path = "Pods/Target Support Files/Pods-LCTools/Pods-LCTools.release.xcconfig"; sourceTree = "<group>"; };
		661F51D01DD462F200206AFF /* TAAbstractDotView.h */ = {isa = PBXFileReference; fileEncoding = 4; lastKnownFileType = sourcecode.c.h; path = TAAbstractDotView.h; sourceTree = "<group>"; };
		661F51D11DD462F200206AFF /* TAAbstractDotView.m */ = {isa = PBXFileReference; fileEncoding = 4; lastKnownFileType = sourcecode.c.objc; path = TAAbstractDotView.m; sourceTree = "<group>"; };
		661F51D21DD462F200206AFF /* TAAnimatedDotView.h */ = {isa = PBXFileReference; fileEncoding = 4; lastKnownFileType = sourcecode.c.h; path = TAAnimatedDotView.h; sourceTree = "<group>"; };
		661F51D31DD462F200206AFF /* TAAnimatedDotView.m */ = {isa = PBXFileReference; fileEncoding = 4; lastKnownFileType = sourcecode.c.objc; path = TAAnimatedDotView.m; sourceTree = "<group>"; };
		661F51D41DD462F200206AFF /* TADotView.h */ = {isa = PBXFileReference; fileEncoding = 4; lastKnownFileType = sourcecode.c.h; path = TADotView.h; sourceTree = "<group>"; };
		661F51D51DD462F200206AFF /* TADotView.m */ = {isa = PBXFileReference; fileEncoding = 4; lastKnownFileType = sourcecode.c.objc; path = TADotView.m; sourceTree = "<group>"; };
		661F51D61DD462F200206AFF /* TAPageControl.h */ = {isa = PBXFileReference; fileEncoding = 4; lastKnownFileType = sourcecode.c.h; path = TAPageControl.h; sourceTree = "<group>"; };
		661F51D71DD462F200206AFF /* TAPageControl.m */ = {isa = PBXFileReference; fileEncoding = 4; lastKnownFileType = sourcecode.c.objc; path = TAPageControl.m; sourceTree = "<group>"; };
		661F51D81DD462F200206AFF /* pageDot1@2x.png */ = {isa = PBXFileReference; lastKnownFileType = image.png; path = "pageDot1@2x.png"; sourceTree = "<group>"; };
		661F51D91DD462F200206AFF /* pageDot2@2x.png */ = {isa = PBXFileReference; lastKnownFileType = image.png; path = "pageDot2@2x.png"; sourceTree = "<group>"; };
		661F51DA1DD462F200206AFF /* SDCollectionViewCell.h */ = {isa = PBXFileReference; fileEncoding = 4; lastKnownFileType = sourcecode.c.h; path = SDCollectionViewCell.h; sourceTree = "<group>"; };
		661F51DB1DD462F200206AFF /* SDCollectionViewCell.m */ = {isa = PBXFileReference; fileEncoding = 4; lastKnownFileType = sourcecode.c.objc; path = SDCollectionViewCell.m; sourceTree = "<group>"; };
		661F51DC1DD462F200206AFF /* SDCycleScrollView.h */ = {isa = PBXFileReference; fileEncoding = 4; lastKnownFileType = sourcecode.c.h; path = SDCycleScrollView.h; sourceTree = "<group>"; };
		661F51DD1DD462F200206AFF /* SDCycleScrollView.m */ = {isa = PBXFileReference; fileEncoding = 4; lastKnownFileType = sourcecode.c.objc; path = SDCycleScrollView.m; sourceTree = "<group>"; };
		661F51DE1DD462F200206AFF /* UIView+SDExtension.h */ = {isa = PBXFileReference; fileEncoding = 4; lastKnownFileType = sourcecode.c.h; path = "UIView+SDExtension.h"; sourceTree = "<group>"; };
		661F51DF1DD462F200206AFF /* UIView+SDExtension.m */ = {isa = PBXFileReference; fileEncoding = 4; lastKnownFileType = sourcecode.c.objc; path = "UIView+SDExtension.m"; sourceTree = "<group>"; };
		661F51EA1DD48BC800206AFF /* MKAnnotationView+WebCache.h */ = {isa = PBXFileReference; fileEncoding = 4; lastKnownFileType = sourcecode.c.h; path = "MKAnnotationView+WebCache.h"; sourceTree = "<group>"; };
		661F51EB1DD48BC800206AFF /* MKAnnotationView+WebCache.m */ = {isa = PBXFileReference; fileEncoding = 4; lastKnownFileType = sourcecode.c.objc; path = "MKAnnotationView+WebCache.m"; sourceTree = "<group>"; };
		661F51EC1DD48BC800206AFF /* NSData+ImageContentType.h */ = {isa = PBXFileReference; fileEncoding = 4; lastKnownFileType = sourcecode.c.h; path = "NSData+ImageContentType.h"; sourceTree = "<group>"; };
		661F51ED1DD48BC800206AFF /* NSData+ImageContentType.m */ = {isa = PBXFileReference; fileEncoding = 4; lastKnownFileType = sourcecode.c.objc; path = "NSData+ImageContentType.m"; sourceTree = "<group>"; };
		661F51EE1DD48BC800206AFF /* SDImageCache.h */ = {isa = PBXFileReference; fileEncoding = 4; lastKnownFileType = sourcecode.c.h; path = SDImageCache.h; sourceTree = "<group>"; };
		661F51EF1DD48BC800206AFF /* SDImageCache.m */ = {isa = PBXFileReference; fileEncoding = 4; lastKnownFileType = sourcecode.c.objc; path = SDImageCache.m; sourceTree = "<group>"; };
		661F51F01DD48BC800206AFF /* SDWebImageCompat.h */ = {isa = PBXFileReference; fileEncoding = 4; lastKnownFileType = sourcecode.c.h; path = SDWebImageCompat.h; sourceTree = "<group>"; };
		661F51F11DD48BC800206AFF /* SDWebImageCompat.m */ = {isa = PBXFileReference; fileEncoding = 4; lastKnownFileType = sourcecode.c.objc; path = SDWebImageCompat.m; sourceTree = "<group>"; };
		661F51F21DD48BC800206AFF /* SDWebImageDecoder.h */ = {isa = PBXFileReference; fileEncoding = 4; lastKnownFileType = sourcecode.c.h; path = SDWebImageDecoder.h; sourceTree = "<group>"; };
		661F51F31DD48BC800206AFF /* SDWebImageDecoder.m */ = {isa = PBXFileReference; fileEncoding = 4; lastKnownFileType = sourcecode.c.objc; path = SDWebImageDecoder.m; sourceTree = "<group>"; };
		661F51F41DD48BC800206AFF /* SDWebImageDownloader.h */ = {isa = PBXFileReference; fileEncoding = 4; lastKnownFileType = sourcecode.c.h; path = SDWebImageDownloader.h; sourceTree = "<group>"; };
		661F51F51DD48BC800206AFF /* SDWebImageDownloader.m */ = {isa = PBXFileReference; fileEncoding = 4; lastKnownFileType = sourcecode.c.objc; path = SDWebImageDownloader.m; sourceTree = "<group>"; };
		661F51F61DD48BC800206AFF /* SDWebImageDownloaderOperation.h */ = {isa = PBXFileReference; fileEncoding = 4; lastKnownFileType = sourcecode.c.h; path = SDWebImageDownloaderOperation.h; sourceTree = "<group>"; };
		661F51F71DD48BC800206AFF /* SDWebImageDownloaderOperation.m */ = {isa = PBXFileReference; fileEncoding = 4; lastKnownFileType = sourcecode.c.objc; path = SDWebImageDownloaderOperation.m; sourceTree = "<group>"; };
		661F51F81DD48BC800206AFF /* SDWebImageManager.h */ = {isa = PBXFileReference; fileEncoding = 4; lastKnownFileType = sourcecode.c.h; path = SDWebImageManager.h; sourceTree = "<group>"; };
		661F51F91DD48BC800206AFF /* SDWebImageManager.m */ = {isa = PBXFileReference; fileEncoding = 4; lastKnownFileType = sourcecode.c.objc; path = SDWebImageManager.m; sourceTree = "<group>"; };
		661F51FA1DD48BC800206AFF /* SDWebImageOperation.h */ = {isa = PBXFileReference; fileEncoding = 4; lastKnownFileType = sourcecode.c.h; path = SDWebImageOperation.h; sourceTree = "<group>"; };
		661F51FB1DD48BC800206AFF /* SDWebImagePrefetcher.h */ = {isa = PBXFileReference; fileEncoding = 4; lastKnownFileType = sourcecode.c.h; path = SDWebImagePrefetcher.h; sourceTree = "<group>"; };
		661F51FC1DD48BC800206AFF /* SDWebImagePrefetcher.m */ = {isa = PBXFileReference; fileEncoding = 4; lastKnownFileType = sourcecode.c.objc; path = SDWebImagePrefetcher.m; sourceTree = "<group>"; };
		661F51FD1DD48BC800206AFF /* UIButton+WebCache.h */ = {isa = PBXFileReference; fileEncoding = 4; lastKnownFileType = sourcecode.c.h; path = "UIButton+WebCache.h"; sourceTree = "<group>"; };
		661F51FE1DD48BC800206AFF /* UIButton+WebCache.m */ = {isa = PBXFileReference; fileEncoding = 4; lastKnownFileType = sourcecode.c.objc; path = "UIButton+WebCache.m"; sourceTree = "<group>"; };
		661F51FF1DD48BC800206AFF /* UIImage+GIF.h */ = {isa = PBXFileReference; fileEncoding = 4; lastKnownFileType = sourcecode.c.h; path = "UIImage+GIF.h"; sourceTree = "<group>"; };
		661F52001DD48BC800206AFF /* UIImage+GIF.m */ = {isa = PBXFileReference; fileEncoding = 4; lastKnownFileType = sourcecode.c.objc; path = "UIImage+GIF.m"; sourceTree = "<group>"; };
		661F52011DD48BC800206AFF /* UIImage+MultiFormat.h */ = {isa = PBXFileReference; fileEncoding = 4; lastKnownFileType = sourcecode.c.h; path = "UIImage+MultiFormat.h"; sourceTree = "<group>"; };
		661F52021DD48BC800206AFF /* UIImage+MultiFormat.m */ = {isa = PBXFileReference; fileEncoding = 4; lastKnownFileType = sourcecode.c.objc; path = "UIImage+MultiFormat.m"; sourceTree = "<group>"; };
		661F52031DD48BC800206AFF /* UIImage+WebP.h */ = {isa = PBXFileReference; fileEncoding = 4; lastKnownFileType = sourcecode.c.h; path = "UIImage+WebP.h"; sourceTree = "<group>"; };
		661F52041DD48BC800206AFF /* UIImage+WebP.m */ = {isa = PBXFileReference; fileEncoding = 4; lastKnownFileType = sourcecode.c.objc; path = "UIImage+WebP.m"; sourceTree = "<group>"; };
		661F52051DD48BC800206AFF /* UIImageView+HighlightedWebCache.h */ = {isa = PBXFileReference; fileEncoding = 4; lastKnownFileType = sourcecode.c.h; path = "UIImageView+HighlightedWebCache.h"; sourceTree = "<group>"; };
		661F52061DD48BC800206AFF /* UIImageView+HighlightedWebCache.m */ = {isa = PBXFileReference; fileEncoding = 4; lastKnownFileType = sourcecode.c.objc; path = "UIImageView+HighlightedWebCache.m"; sourceTree = "<group>"; };
		661F52071DD48BC800206AFF /* UIImageView+WebCache.h */ = {isa = PBXFileReference; fileEncoding = 4; lastKnownFileType = sourcecode.c.h; path = "UIImageView+WebCache.h"; sourceTree = "<group>"; };
		661F52081DD48BC800206AFF /* UIImageView+WebCache.m */ = {isa = PBXFileReference; fileEncoding = 4; lastKnownFileType = sourcecode.c.objc; path = "UIImageView+WebCache.m"; sourceTree = "<group>"; };
		661F52091DD48BC800206AFF /* UIView+WebCacheOperation.h */ = {isa = PBXFileReference; fileEncoding = 4; lastKnownFileType = sourcecode.c.h; path = "UIView+WebCacheOperation.h"; sourceTree = "<group>"; };
		661F520A1DD48BC800206AFF /* UIView+WebCacheOperation.m */ = {isa = PBXFileReference; fileEncoding = 4; lastKnownFileType = sourcecode.c.objc; path = "UIView+WebCacheOperation.m"; sourceTree = "<group>"; };
		662A06471DCC23C90053908F /* UIView+FrameExtension.h */ = {isa = PBXFileReference; fileEncoding = 4; lastKnownFileType = sourcecode.c.h; path = "UIView+FrameExtension.h"; sourceTree = "<group>"; };
		662A06481DCC23C90053908F /* UIView+FrameExtension.m */ = {isa = PBXFileReference; fileEncoding = 4; lastKnownFileType = sourcecode.c.objc; path = "UIView+FrameExtension.m"; sourceTree = "<group>"; };
		662A52C41DC737F500E18399 /* DataBase.h */ = {isa = PBXFileReference; fileEncoding = 4; lastKnownFileType = sourcecode.c.h; path = DataBase.h; sourceTree = "<group>"; };
		662A52C51DC737F500E18399 /* DataBase.m */ = {isa = PBXFileReference; fileEncoding = 4; lastKnownFileType = sourcecode.c.objc; path = DataBase.m; sourceTree = "<group>"; };
		662A52C61DC737F500E18399 /* newImage.png */ = {isa = PBXFileReference; lastKnownFileType = image.png; path = newImage.png; sourceTree = "<group>"; };
		662A52C71DC737F500E18399 /* Person.h */ = {isa = PBXFileReference; fileEncoding = 4; lastKnownFileType = sourcecode.c.h; path = Person.h; sourceTree = "<group>"; };
		662A52C81DC737F500E18399 /* Person.m */ = {isa = PBXFileReference; fileEncoding = 4; lastKnownFileType = sourcecode.c.objc; path = Person.m; sourceTree = "<group>"; };
		66ED18CF1DB7762900B7A8DC /* BLKLockSecretUtil.h */ = {isa = PBXFileReference; fileEncoding = 4; lastKnownFileType = sourcecode.c.h; path = BLKLockSecretUtil.h; sourceTree = "<group>"; };
		66ED18D01DB7762900B7A8DC /* BLKLockSecretUtil.mm */ = {isa = PBXFileReference; fileEncoding = 4; lastKnownFileType = sourcecode.cpp.objcpp; path = BLKLockSecretUtil.mm; sourceTree = "<group>"; };
		66ED18D11DB7762900B7A8DC /* LCEncryption.h */ = {isa = PBXFileReference; fileEncoding = 4; lastKnownFileType = sourcecode.c.h; path = LCEncryption.h; sourceTree = "<group>"; };
		66ED18D21DB7762900B7A8DC /* LCEncryption.m */ = {isa = PBXFileReference; fileEncoding = 4; lastKnownFileType = sourcecode.c.objc; path = LCEncryption.m; sourceTree = "<group>"; };
		66ED18D31DB7762900B7A8DC /* NSString+Hash.h */ = {isa = PBXFileReference; fileEncoding = 4; lastKnownFileType = sourcecode.c.h; path = "NSString+Hash.h"; sourceTree = "<group>"; };
		66ED18D41DB7762900B7A8DC /* NSString+Hash.m */ = {isa = PBXFileReference; fileEncoding = 4; lastKnownFileType = sourcecode.c.objc; path = "NSString+Hash.m"; sourceTree = "<group>"; };
		66ED18D91DB7765B00B7A8DC /* LCBLEManager.h */ = {isa = PBXFileReference; fileEncoding = 4; lastKnownFileType = sourcecode.c.h; path = LCBLEManager.h; sourceTree = "<group>"; };
		66ED18DA1DB7765B00B7A8DC /* LCBLEManager.m */ = {isa = PBXFileReference; fileEncoding = 4; lastKnownFileType = sourcecode.c.objc; path = LCBLEManager.m; sourceTree = "<group>"; };
		66F28BB61DBDF2BA000B342E /* NSData+AES256.h */ = {isa = PBXFileReference; fileEncoding = 4; lastKnownFileType = sourcecode.c.h; path = "NSData+AES256.h"; sourceTree = "<group>"; };
		66F28BB71DBDF2BA000B342E /* NSData+AES256.m */ = {isa = PBXFileReference; fileEncoding = 4; lastKnownFileType = sourcecode.c.objc; path = "NSData+AES256.m"; sourceTree = "<group>"; };
		66F28BB91DBDF342000B342E /* NSString+AES256.h */ = {isa = PBXFileReference; fileEncoding = 4; lastKnownFileType = sourcecode.c.h; path = "NSString+AES256.h"; sourceTree = "<group>"; };
		66F28BBA1DBDF342000B342E /* NSString+AES256.m */ = {isa = PBXFileReference; fileEncoding = 4; lastKnownFileType = sourcecode.c.objc; path = "NSString+AES256.m"; sourceTree = "<group>"; };
		66F28BBD1DBDFB46000B342E /* LCImageManager.h */ = {isa = PBXFileReference; fileEncoding = 4; lastKnownFileType = sourcecode.c.h; path = LCImageManager.h; sourceTree = "<group>"; };
		66F28BBE1DBDFB46000B342E /* LCImageManager.m */ = {isa = PBXFileReference; fileEncoding = 4; lastKnownFileType = sourcecode.c.objc; path = LCImageManager.m; sourceTree = "<group>"; };
		66F28BDB1DBE02F1000B342E /* followup_highlight@2x.png */ = {isa = PBXFileReference; lastKnownFileType = image.png; path = "followup_highlight@2x.png"; sourceTree = "<group>"; };
		66F28BDC1DBE02F1000B342E /* followup_highlight@3x.png */ = {isa = PBXFileReference; lastKnownFileType = image.png; path = "followup_highlight@3x.png"; sourceTree = "<group>"; };
		66F28BDD1DBE02F1000B342E /* followup_normal@2x.png */ = {isa = PBXFileReference; lastKnownFileType = image.png; path = "followup_normal@2x.png"; sourceTree = "<group>"; };
		66F28BDE1DBE02F1000B342E /* followup_normal@3x.png */ = {isa = PBXFileReference; lastKnownFileType = image.png; path = "followup_normal@3x.png"; sourceTree = "<group>"; };
		66F28BDF1DBE02F1000B342E /* history_highlight@2x.png */ = {isa = PBXFileReference; lastKnownFileType = image.png; path = "history_highlight@2x.png"; sourceTree = "<group>"; };
		66F28BE01DBE02F1000B342E /* history_highlight@3x.png */ = {isa = PBXFileReference; lastKnownFileType = image.png; path = "history_highlight@3x.png"; sourceTree = "<group>"; };
		66F28BE11DBE02F1000B342E /* history_normal@2x.png */ = {isa = PBXFileReference; lastKnownFileType = image.png; path = "history_normal@2x.png"; sourceTree = "<group>"; };
		66F28BE21DBE02F1000B342E /* history_normal@3x.png */ = {isa = PBXFileReference; lastKnownFileType = image.png; path = "history_normal@3x.png"; sourceTree = "<group>"; };
		66F28BE31DBE02F2000B342E /* user_highlight@2x.png */ = {isa = PBXFileReference; lastKnownFileType = image.png; path = "user_highlight@2x.png"; sourceTree = "<group>"; };
		66F28BE41DBE02F2000B342E /* user_highlight@3x.png */ = {isa = PBXFileReference; lastKnownFileType = image.png; path = "user_highlight@3x.png"; sourceTree = "<group>"; };
		66F28BE51DBE02F2000B342E /* user_normal@2x.png */ = {isa = PBXFileReference; lastKnownFileType = image.png; path = "user_normal@2x.png"; sourceTree = "<group>"; };
		66F28BE61DBE02F2000B342E /* user_normal@3x.png */ = {isa = PBXFileReference; lastKnownFileType = image.png; path = "user_normal@3x.png"; sourceTree = "<group>"; };
		66F28BF31DBE0316000B342E /* OneViewController.h */ = {isa = PBXFileReference; fileEncoding = 4; lastKnownFileType = sourcecode.c.h; path = OneViewController.h; sourceTree = "<group>"; };
		66F28BF41DBE0316000B342E /* OneViewController.m */ = {isa = PBXFileReference; fileEncoding = 4; lastKnownFileType = sourcecode.c.objc; path = OneViewController.m; sourceTree = "<group>"; };
		66F28BF51DBE0316000B342E /* OneViewController.xib */ = {isa = PBXFileReference; fileEncoding = 4; lastKnownFileType = file.xib; path = OneViewController.xib; sourceTree = "<group>"; };
		66F28BF81DBE032B000B342E /* TwoViewController.h */ = {isa = PBXFileReference; fileEncoding = 4; lastKnownFileType = sourcecode.c.h; path = TwoViewController.h; sourceTree = "<group>"; };
		66F28BF91DBE032B000B342E /* TwoViewController.m */ = {isa = PBXFileReference; fileEncoding = 4; lastKnownFileType = sourcecode.c.objc; path = TwoViewController.m; sourceTree = "<group>"; };
		66F28BFA1DBE032B000B342E /* TwoViewController.xib */ = {isa = PBXFileReference; fileEncoding = 4; lastKnownFileType = file.xib; path = TwoViewController.xib; sourceTree = "<group>"; };
		66F28BFD1DBE0337000B342E /* ThreeViewController.h */ = {isa = PBXFileReference; fileEncoding = 4; lastKnownFileType = sourcecode.c.h; path = ThreeViewController.h; sourceTree = "<group>"; };
		66F28BFE1DBE0337000B342E /* ThreeViewController.m */ = {isa = PBXFileReference; fileEncoding = 4; lastKnownFileType = sourcecode.c.objc; path = ThreeViewController.m; sourceTree = "<group>"; };
		66F28BFF1DBE0337000B342E /* ThreeViewController.xib */ = {isa = PBXFileReference; fileEncoding = 4; lastKnownFileType = file.xib; path = ThreeViewController.xib; sourceTree = "<group>"; };
		66F500811DAE1A48002E2854 /* LCTools.app */ = {isa = PBXFileReference; explicitFileType = wrapper.application; includeInIndex = 0; path = LCTools.app; sourceTree = BUILT_PRODUCTS_DIR; };
		66F500851DAE1A49002E2854 /* main.m */ = {isa = PBXFileReference; lastKnownFileType = sourcecode.c.objc; path = main.m; sourceTree = "<group>"; };
		66F500871DAE1A49002E2854 /* AppDelegate.h */ = {isa = PBXFileReference; lastKnownFileType = sourcecode.c.h; path = AppDelegate.h; sourceTree = "<group>"; };
		66F500881DAE1A49002E2854 /* AppDelegate.m */ = {isa = PBXFileReference; lastKnownFileType = sourcecode.c.objc; path = AppDelegate.m; sourceTree = "<group>"; };
		66F5008A1DAE1A49002E2854 /* ViewController.h */ = {isa = PBXFileReference; lastKnownFileType = sourcecode.c.h; path = ViewController.h; sourceTree = "<group>"; };
		66F5008B1DAE1A49002E2854 /* ViewController.m */ = {isa = PBXFileReference; lastKnownFileType = sourcecode.c.objc; path = ViewController.m; sourceTree = "<group>"; };
		66F5008E1DAE1A49002E2854 /* Base */ = {isa = PBXFileReference; lastKnownFileType = file.storyboard; name = Base; path = Base.lproj/Main.storyboard; sourceTree = "<group>"; };
		66F500901DAE1A49002E2854 /* Assets.xcassets */ = {isa = PBXFileReference; lastKnownFileType = folder.assetcatalog; path = Assets.xcassets; sourceTree = "<group>"; };
		66F500931DAE1A49002E2854 /* Base */ = {isa = PBXFileReference; lastKnownFileType = file.storyboard; name = Base; path = Base.lproj/LaunchScreen.storyboard; sourceTree = "<group>"; };
		66F500951DAE1A49002E2854 /* Info.plist */ = {isa = PBXFileReference; lastKnownFileType = text.plist.xml; path = Info.plist; sourceTree = "<group>"; };
		B8714FD57688ED456E440C73 /* libPods-LCTools.a */ = {isa = PBXFileReference; explicitFileType = archive.ar; includeInIndex = 0; path = "libPods-LCTools.a"; sourceTree = BUILT_PRODUCTS_DIR; };
		CD4DD87E41D0BF9B30BBDB75 /* Pods-LCTools.debug.xcconfig */ = {isa = PBXFileReference; includeInIndex = 1; lastKnownFileType = text.xcconfig; name = "Pods-LCTools.debug.xcconfig"; path = "Pods/Target Support Files/Pods-LCTools/Pods-LCTools.debug.xcconfig"; sourceTree = "<group>"; };
/* End PBXFileReference section */

/* Begin PBXFrameworksBuildPhase section */
		66F5007E1DAE1A48002E2854 /* Frameworks */ = {
			isa = PBXFrameworksBuildPhase;
			buildActionMask = 2147483647;
			files = (
				7AFFB9AAD457E5F4286AE179 /* libPods-LCTools.a in Frameworks */,
			);
			runOnlyForDeploymentPostprocessing = 0;
		};
/* End PBXFrameworksBuildPhase section */

/* Begin PBXGroup section */
		5ABD350E37526A4204DE3B5D /* Frameworks */ = {
			isa = PBXGroup;
			children = (
				B8714FD57688ED456E440C73 /* libPods-LCTools.a */,
			);
			name = Frameworks;
			sourceTree = "<group>";
		};
		661F51CE1DD462F200206AFF /* SDCycleScrollView */ = {
			isa = PBXGroup;
			children = (
				661F51E91DD48BC800206AFF /* SDWebImage */,
				661F51CF1DD462F200206AFF /* PageControl */,
				661F51D81DD462F200206AFF /* pageDot1@2x.png */,
				661F51D91DD462F200206AFF /* pageDot2@2x.png */,
				661F51DA1DD462F200206AFF /* SDCollectionViewCell.h */,
				661F51DB1DD462F200206AFF /* SDCollectionViewCell.m */,
				661F51DC1DD462F200206AFF /* SDCycleScrollView.h */,
				661F51DD1DD462F200206AFF /* SDCycleScrollView.m */,
				661F51DE1DD462F200206AFF /* UIView+SDExtension.h */,
				661F51DF1DD462F200206AFF /* UIView+SDExtension.m */,
			);
			path = SDCycleScrollView;
			sourceTree = "<group>";
		};
		661F51CF1DD462F200206AFF /* PageControl */ = {
			isa = PBXGroup;
			children = (
				661F51D01DD462F200206AFF /* TAAbstractDotView.h */,
				661F51D11DD462F200206AFF /* TAAbstractDotView.m */,
				661F51D21DD462F200206AFF /* TAAnimatedDotView.h */,
				661F51D31DD462F200206AFF /* TAAnimatedDotView.m */,
				661F51D41DD462F200206AFF /* TADotView.h */,
				661F51D51DD462F200206AFF /* TADotView.m */,
				661F51D61DD462F200206AFF /* TAPageControl.h */,
				661F51D71DD462F200206AFF /* TAPageControl.m */,
			);
			path = PageControl;
			sourceTree = "<group>";
		};
		661F51E91DD48BC800206AFF /* SDWebImage */ = {
			isa = PBXGroup;
			children = (
				661F51EA1DD48BC800206AFF /* MKAnnotationView+WebCache.h */,
				661F51EB1DD48BC800206AFF /* MKAnnotationView+WebCache.m */,
				661F51EC1DD48BC800206AFF /* NSData+ImageContentType.h */,
				661F51ED1DD48BC800206AFF /* NSData+ImageContentType.m */,
				661F51EE1DD48BC800206AFF /* SDImageCache.h */,
				661F51EF1DD48BC800206AFF /* SDImageCache.m */,
				661F51F01DD48BC800206AFF /* SDWebImageCompat.h */,
				661F51F11DD48BC800206AFF /* SDWebImageCompat.m */,
				661F51F21DD48BC800206AFF /* SDWebImageDecoder.h */,
				661F51F31DD48BC800206AFF /* SDWebImageDecoder.m */,
				661F51F41DD48BC800206AFF /* SDWebImageDownloader.h */,
				661F51F51DD48BC800206AFF /* SDWebImageDownloader.m */,
				661F51F61DD48BC800206AFF /* SDWebImageDownloaderOperation.h */,
				661F51F71DD48BC800206AFF /* SDWebImageDownloaderOperation.m */,
				661F51F81DD48BC800206AFF /* SDWebImageManager.h */,
				661F51F91DD48BC800206AFF /* SDWebImageManager.m */,
				661F51FA1DD48BC800206AFF /* SDWebImageOperation.h */,
				661F51FB1DD48BC800206AFF /* SDWebImagePrefetcher.h */,
				661F51FC1DD48BC800206AFF /* SDWebImagePrefetcher.m */,
				661F51FD1DD48BC800206AFF /* UIButton+WebCache.h */,
				661F51FE1DD48BC800206AFF /* UIButton+WebCache.m */,
				661F51FF1DD48BC800206AFF /* UIImage+GIF.h */,
				661F52001DD48BC800206AFF /* UIImage+GIF.m */,
				661F52011DD48BC800206AFF /* UIImage+MultiFormat.h */,
				661F52021DD48BC800206AFF /* UIImage+MultiFormat.m */,
				661F52031DD48BC800206AFF /* UIImage+WebP.h */,
				661F52041DD48BC800206AFF /* UIImage+WebP.m */,
				661F52051DD48BC800206AFF /* UIImageView+HighlightedWebCache.h */,
				661F52061DD48BC800206AFF /* UIImageView+HighlightedWebCache.m */,
				661F52071DD48BC800206AFF /* UIImageView+WebCache.h */,
				661F52081DD48BC800206AFF /* UIImageView+WebCache.m */,
				661F52091DD48BC800206AFF /* UIView+WebCacheOperation.h */,
				661F520A1DD48BC800206AFF /* UIView+WebCacheOperation.m */,
			);
			path = SDWebImage;
			sourceTree = "<group>";
		};
		662A06461DCC23C90053908F /* UIView+FrameExtension */ = {
			isa = PBXGroup;
			children = (
				662A06471DCC23C90053908F /* UIView+FrameExtension.h */,
				662A06481DCC23C90053908F /* UIView+FrameExtension.m */,
			);
			path = "UIView+FrameExtension";
			sourceTree = "<group>";
		};
		662A52C31DC737F500E18399 /* DataBase */ = {
			isa = PBXGroup;
			children = (
				662A52C41DC737F500E18399 /* DataBase.h */,
				662A52C51DC737F500E18399 /* DataBase.m */,
				662A52C61DC737F500E18399 /* newImage.png */,
				662A52C71DC737F500E18399 /* Person.h */,
				662A52C81DC737F500E18399 /* Person.m */,
			);
			path = DataBase;
			sourceTree = "<group>";
		};
		66ED18CE1DB7762900B7A8DC /* 加密 */ = {
			isa = PBXGroup;
			children = (
				66ED18CF1DB7762900B7A8DC /* BLKLockSecretUtil.h */,
				66ED18D01DB7762900B7A8DC /* BLKLockSecretUtil.mm */,
				66ED18D11DB7762900B7A8DC /* LCEncryption.h */,
				66ED18D21DB7762900B7A8DC /* LCEncryption.m */,
				66ED18D31DB7762900B7A8DC /* NSString+Hash.h */,
				66ED18D41DB7762900B7A8DC /* NSString+Hash.m */,
			);
			path = "加密";
			sourceTree = "<group>";
		};
		66ED18D81DB7763A00B7A8DC /* 蓝牙 */ = {
			isa = PBXGroup;
			children = (
				66ED18D91DB7765B00B7A8DC /* LCBLEManager.h */,
				66ED18DA1DB7765B00B7A8DC /* LCBLEManager.m */,
			);
			path = "蓝牙";
			sourceTree = "<group>";
		};
		66F28BB51DBDF296000B342E /* AES加密 */ = {
			isa = PBXGroup;
			children = (
				66F28BB61DBDF2BA000B342E /* NSData+AES256.h */,
				66F28BB71DBDF2BA000B342E /* NSData+AES256.m */,
				66F28BB91DBDF342000B342E /* NSString+AES256.h */,
				66F28BBA1DBDF342000B342E /* NSString+AES256.m */,
			);
			path = "AES加密";
			sourceTree = "<group>";
		};
		66F28BBC1DBDFB46000B342E /* 运行时 */ = {
			isa = PBXGroup;
			children = (
				66F28BBD1DBDFB46000B342E /* LCImageManager.h */,
				66F28BBE1DBDFB46000B342E /* LCImageManager.m */,
			);
			path = "运行时";
			sourceTree = "<group>";
		};
		66F28BD91DBE02F1000B342E /* TabBarVC */ = {
			isa = PBXGroup;
			children = (
				66F28BDA1DBE02F1000B342E /* TabBar图标 */,
				66F28BF31DBE0316000B342E /* OneViewController.h */,
				66F28BF41DBE0316000B342E /* OneViewController.m */,
				66F28BF51DBE0316000B342E /* OneViewController.xib */,
				66F28BF81DBE032B000B342E /* TwoViewController.h */,
				66F28BF91DBE032B000B342E /* TwoViewController.m */,
				66F28BFA1DBE032B000B342E /* TwoViewController.xib */,
				66F28BFD1DBE0337000B342E /* ThreeViewController.h */,
				66F28BFE1DBE0337000B342E /* ThreeViewController.m */,
				66F28BFF1DBE0337000B342E /* ThreeViewController.xib */,
			);
			path = TabBarVC;
			sourceTree = "<group>";
		};
		66F28BDA1DBE02F1000B342E /* TabBar图标 */ = {
			isa = PBXGroup;
			children = (
				66F28BDB1DBE02F1000B342E /* followup_highlight@2x.png */,
				66F28BDC1DBE02F1000B342E /* followup_highlight@3x.png */,
				66F28BDD1DBE02F1000B342E /* followup_normal@2x.png */,
				66F28BDE1DBE02F1000B342E /* followup_normal@3x.png */,
				66F28BDF1DBE02F1000B342E /* history_highlight@2x.png */,
				66F28BE01DBE02F1000B342E /* history_highlight@3x.png */,
				66F28BE11DBE02F1000B342E /* history_normal@2x.png */,
				66F28BE21DBE02F1000B342E /* history_normal@3x.png */,
				66F28BE31DBE02F2000B342E /* user_highlight@2x.png */,
				66F28BE41DBE02F2000B342E /* user_highlight@3x.png */,
				66F28BE51DBE02F2000B342E /* user_normal@2x.png */,
				66F28BE61DBE02F2000B342E /* user_normal@3x.png */,
			);
			path = "TabBar图标";
			sourceTree = "<group>";
		};
		66F500781DAE1A48002E2854 = {
			isa = PBXGroup;
			children = (
				66F500831DAE1A48002E2854 /* LCTools */,
				66F500821DAE1A48002E2854 /* Products */,
				A3DA645AB5DC55ADB1A5E6F0 /* Pods */,
				5ABD350E37526A4204DE3B5D /* Frameworks */,
			);
			sourceTree = "<group>";
		};
		66F500821DAE1A48002E2854 /* Products */ = {
			isa = PBXGroup;
			children = (
				66F500811DAE1A48002E2854 /* LCTools.app */,
			);
			name = Products;
			sourceTree = "<group>";
		};
		66F500831DAE1A48002E2854 /* LCTools */ = {
			isa = PBXGroup;
			children = (
				661F51CE1DD462F200206AFF /* SDCycleScrollView */,
				662A06461DCC23C90053908F /* UIView+FrameExtension */,
				662A52C31DC737F500E18399 /* DataBase */,
				66F28BD91DBE02F1000B342E /* TabBarVC */,
				66F28BBC1DBDFB46000B342E /* 运行时 */,
				66ED18D81DB7763A00B7A8DC /* 蓝牙 */,
				66ED18CE1DB7762900B7A8DC /* 加密 */,
				66F28BB51DBDF296000B342E /* AES加密 */,
				66F500871DAE1A49002E2854 /* AppDelegate.h */,
				66F500881DAE1A49002E2854 /* AppDelegate.m */,
				66F5008A1DAE1A49002E2854 /* ViewController.h */,
				66F5008B1DAE1A49002E2854 /* ViewController.m */,
				66F5008D1DAE1A49002E2854 /* Main.storyboard */,
				66F500901DAE1A49002E2854 /* Assets.xcassets */,
				66F500921DAE1A49002E2854 /* LaunchScreen.storyboard */,
				66F500951DAE1A49002E2854 /* Info.plist */,
				66F500841DAE1A48002E2854 /* Supporting Files */,
			);
			path = LCTools;
			sourceTree = "<group>";
		};
		66F500841DAE1A48002E2854 /* Supporting Files */ = {
			isa = PBXGroup;
			children = (
				66F500851DAE1A49002E2854 /* main.m */,
			);
			name = "Supporting Files";
			sourceTree = "<group>";
		};
		A3DA645AB5DC55ADB1A5E6F0 /* Pods */ = {
			isa = PBXGroup;
			children = (
				CD4DD87E41D0BF9B30BBDB75 /* Pods-LCTools.debug.xcconfig */,
				2EDA774984989D25F3E51549 /* Pods-LCTools.release.xcconfig */,
			);
			name = Pods;
			sourceTree = "<group>";
		};
/* End PBXGroup section */

/* Begin PBXNativeTarget section */
		66F500801DAE1A48002E2854 /* LCTools */ = {
			isa = PBXNativeTarget;
			buildConfigurationList = 66F500981DAE1A49002E2854 /* Build configuration list for PBXNativeTarget "LCTools" */;
			buildPhases = (
				E8C2B671BC060026924DDBF5 /* [CP] Check Pods Manifest.lock */,
				66F5007D1DAE1A48002E2854 /* Sources */,
				66F5007E1DAE1A48002E2854 /* Frameworks */,
				66F5007F1DAE1A48002E2854 /* Resources */,
				C6F0521D1FB93BE15649E3AC /* [CP] Embed Pods Frameworks */,
				5F50EBBE7B4D036591D05BDF /* [CP] Copy Pods Resources */,
			);
			buildRules = (
			);
			dependencies = (
			);
			name = LCTools;
			productName = LCTools;
			productReference = 66F500811DAE1A48002E2854 /* LCTools.app */;
			productType = "com.apple.product-type.application";
		};
/* End PBXNativeTarget section */

/* Begin PBXProject section */
		66F500791DAE1A48002E2854 /* Project object */ = {
			isa = PBXProject;
			attributes = {
				LastUpgradeCheck = 0800;
				ORGANIZATIONNAME = "王陕";
				TargetAttributes = {
					66F500801DAE1A48002E2854 = {
						CreatedOnToolsVersion = 8.0;
						DevelopmentTeam = ZP7C7YGT7K;
						ProvisioningStyle = Automatic;
					};
				};
			};
			buildConfigurationList = 66F5007C1DAE1A48002E2854 /* Build configuration list for PBXProject "LCTools" */;
			compatibilityVersion = "Xcode 3.2";
			developmentRegion = English;
			hasScannedForEncodings = 0;
			knownRegions = (
				en,
				Base,
			);
			mainGroup = 66F500781DAE1A48002E2854;
			productRefGroup = 66F500821DAE1A48002E2854 /* Products */;
			projectDirPath = "";
			projectRoot = "";
			targets = (
				66F500801DAE1A48002E2854 /* LCTools */,
			);
		};
/* End PBXProject section */

/* Begin PBXResourcesBuildPhase section */
		66F5007F1DAE1A48002E2854 /* Resources */ = {
			isa = PBXResourcesBuildPhase;
			buildActionMask = 2147483647;
			files = (
				66F28BF11DBE02F2000B342E /* user_normal@2x.png in Resources */,
				66F28BEF1DBE02F2000B342E /* user_highlight@2x.png in Resources */,
				66F28BEA1DBE02F2000B342E /* followup_normal@3x.png in Resources */,
				66F500941DAE1A49002E2854 /* LaunchScreen.storyboard in Resources */,
				66F28BF21DBE02F2000B342E /* user_normal@3x.png in Resources */,
				66F28BF01DBE02F2000B342E /* user_highlight@3x.png in Resources */,
				662A52CA1DC737F500E18399 /* newImage.png in Resources */,
				66F28BED1DBE02F2000B342E /* history_normal@2x.png in Resources */,
				66F28BFC1DBE032B000B342E /* TwoViewController.xib in Resources */,
				66F28BF71DBE0316000B342E /* OneViewController.xib in Resources */,
				66F28BEC1DBE02F2000B342E /* history_highlight@3x.png in Resources */,
				661F51E51DD462F200206AFF /* pageDot2@2x.png in Resources */,
				66F28BE71DBE02F2000B342E /* followup_highlight@2x.png in Resources */,
				66F500911DAE1A49002E2854 /* Assets.xcassets in Resources */,
				661F51E41DD462F200206AFF /* pageDot1@2x.png in Resources */,
				66F28BEE1DBE02F2000B342E /* history_normal@3x.png in Resources */,
				66F28BE91DBE02F2000B342E /* followup_normal@2x.png in Resources */,
				66F28BE81DBE02F2000B342E /* followup_highlight@3x.png in Resources */,
				66F28BEB1DBE02F2000B342E /* history_highlight@2x.png in Resources */,
				66F5008F1DAE1A49002E2854 /* Main.storyboard in Resources */,
				66F28C011DBE0337000B342E /* ThreeViewController.xib in Resources */,
			);
			runOnlyForDeploymentPostprocessing = 0;
		};
/* End PBXResourcesBuildPhase section */

/* Begin PBXShellScriptBuildPhase section */
		5F50EBBE7B4D036591D05BDF /* [CP] Copy Pods Resources */ = {
			isa = PBXShellScriptBuildPhase;
			buildActionMask = 2147483647;
			files = (
			);
			inputPaths = (
			);
			name = "[CP] Copy Pods Resources";
			outputPaths = (
			);
			runOnlyForDeploymentPostprocessing = 0;
			shellPath = /bin/sh;
			shellScript = "\"${SRCROOT}/Pods/Target Support Files/Pods-LCTools/Pods-LCTools-resources.sh\"\n";
			showEnvVarsInLog = 0;
		};
		C6F0521D1FB93BE15649E3AC /* [CP] Embed Pods Frameworks */ = {
			isa = PBXShellScriptBuildPhase;
			buildActionMask = 2147483647;
			files = (
			);
			inputPaths = (
			);
			name = "[CP] Embed Pods Frameworks";
			outputPaths = (
			);
			runOnlyForDeploymentPostprocessing = 0;
			shellPath = /bin/sh;
			shellScript = "\"${SRCROOT}/Pods/Target Support Files/Pods-LCTools/Pods-LCTools-frameworks.sh\"\n";
			showEnvVarsInLog = 0;
		};
		E8C2B671BC060026924DDBF5 /* [CP] Check Pods Manifest.lock */ = {
			isa = PBXShellScriptBuildPhase;
			buildActionMask = 2147483647;
			files = (
			);
			inputPaths = (
			);
			name = "[CP] Check Pods Manifest.lock";
			outputPaths = (
			);
			runOnlyForDeploymentPostprocessing = 0;
			shellPath = /bin/sh;
			shellScript = "diff \"${PODS_ROOT}/../Podfile.lock\" \"${PODS_ROOT}/Manifest.lock\" > /dev/null\nif [[ $? != 0 ]] ; then\n    cat << EOM\nerror: The sandbox is not in sync with the Podfile.lock. Run 'pod install' or update your CocoaPods installation.\nEOM\n    exit 1\nfi\n";
			showEnvVarsInLog = 0;
		};
/* End PBXShellScriptBuildPhase section */

/* Begin PBXSourcesBuildPhase section */
		66F5007D1DAE1A48002E2854 /* Sources */ = {
			isa = PBXSourcesBuildPhase;
			buildActionMask = 2147483647;
			files = (
				661F520F1DD48BC800206AFF /* SDWebImageDecoder.m in Sources */,
				661F521A1DD48BC800206AFF /* UIView+WebCacheOperation.m in Sources */,
				66ED18D71DB7762900B7A8DC /* NSString+Hash.m in Sources */,
				661F52121DD48BC800206AFF /* SDWebImageManager.m in Sources */,
				66F28BB81DBDF2BA000B342E /* NSData+AES256.m in Sources */,
				661F51E61DD462F200206AFF /* SDCollectionViewCell.m in Sources */,
				66F28C001DBE0337000B342E /* ThreeViewController.m in Sources */,
				661F520E1DD48BC800206AFF /* SDWebImageCompat.m in Sources */,
				661F52111DD48BC800206AFF /* SDWebImageDownloaderOperation.m in Sources */,
				66ED18D61DB7762900B7A8DC /* LCEncryption.m in Sources */,
				66F28BFB1DBE032B000B342E /* TwoViewController.m in Sources */,
				661F52191DD48BC800206AFF /* UIImageView+WebCache.m in Sources */,
				66F5008C1DAE1A49002E2854 /* ViewController.m in Sources */,
				661F51E71DD462F200206AFF /* SDCycleScrollView.m in Sources */,
				66F28BBF1DBDFB46000B342E /* LCImageManager.m in Sources */,
				661F52181DD48BC800206AFF /* UIImageView+HighlightedWebCache.m in Sources */,
				66F28BBB1DBDF342000B342E /* NSString+AES256.m in Sources */,
				661F51E11DD462F200206AFF /* TAAnimatedDotView.m in Sources */,
				661F51E01DD462F200206AFF /* TAAbstractDotView.m in Sources */,
				661F52151DD48BC800206AFF /* UIImage+GIF.m in Sources */,
				661F52161DD48BC800206AFF /* UIImage+MultiFormat.m in Sources */,
				661F51E21DD462F200206AFF /* TADotView.m in Sources */,
				661F52171DD48BC800206AFF /* UIImage+WebP.m in Sources */,
				661F52131DD48BC800206AFF /* SDWebImagePrefetcher.m in Sources */,
				662A52C91DC737F500E18399 /* DataBase.m in Sources */,
				66ED18D51DB7762900B7A8DC /* BLKLockSecretUtil.mm in Sources */,
				66F500891DAE1A49002E2854 /* AppDelegate.m in Sources */,
				661F51E81DD462F200206AFF /* UIView+SDExtension.m in Sources */,
				661F520B1DD48BC800206AFF /* MKAnnotationView+WebCache.m in Sources */,
				66ED18DB1DB7765B00B7A8DC /* LCBLEManager.m in Sources */,
				661F52101DD48BC800206AFF /* SDWebImageDownloader.m in Sources */,
				661F52141DD48BC800206AFF /* UIButton+WebCache.m in Sources */,
				662A52CB1DC737F500E18399 /* Person.m in Sources */,
				661F520C1DD48BC800206AFF /* NSData+ImageContentType.m in Sources */,
				66F28BF61DBE0316000B342E /* OneViewController.m in Sources */,
				661F51E31DD462F200206AFF /* TAPageControl.m in Sources */,
				661F520D1DD48BC800206AFF /* SDImageCache.m in Sources */,
				662A06491DCC23C90053908F /* UIView+FrameExtension.m in Sources */,
				66F500861DAE1A49002E2854 /* main.m in Sources */,
			);
			runOnlyForDeploymentPostprocessing = 0;
		};
/* End PBXSourcesBuildPhase section */

/* Begin PBXVariantGroup section */
		66F5008D1DAE1A49002E2854 /* Main.storyboard */ = {
			isa = PBXVariantGroup;
			children = (
				66F5008E1DAE1A49002E2854 /* Base */,
			);
			name = Main.storyboard;
			sourceTree = "<group>";
		};
		66F500921DAE1A49002E2854 /* LaunchScreen.storyboard */ = {
			isa = PBXVariantGroup;
			children = (
				66F500931DAE1A49002E2854 /* Base */,
			);
			name = LaunchScreen.storyboard;
			sourceTree = "<group>";
		};
/* End PBXVariantGroup section */

/* Begin XCBuildConfiguration section */
		66F500961DAE1A49002E2854 /* Debug */ = {
			isa = XCBuildConfiguration;
			buildSettings = {
				ALWAYS_SEARCH_USER_PATHS = NO;
				CLANG_ANALYZER_NONNULL = YES;
				CLANG_CXX_LANGUAGE_STANDARD = "gnu++0x";
				CLANG_CXX_LIBRARY = "libc++";
				CLANG_ENABLE_MODULES = YES;
				CLANG_ENABLE_OBJC_ARC = YES;
				CLANG_WARN_BOOL_CONVERSION = YES;
				CLANG_WARN_CONSTANT_CONVERSION = YES;
				CLANG_WARN_DIRECT_OBJC_ISA_USAGE = YES_ERROR;
				CLANG_WARN_DOCUMENTATION_COMMENTS = YES;
				CLANG_WARN_EMPTY_BODY = YES;
				CLANG_WARN_ENUM_CONVERSION = YES;
				CLANG_WARN_INFINITE_RECURSION = YES;
				CLANG_WARN_INT_CONVERSION = YES;
				CLANG_WARN_OBJC_ROOT_CLASS = YES_ERROR;
				CLANG_WARN_SUSPICIOUS_MOVES = YES;
				CLANG_WARN_UNREACHABLE_CODE = YES;
				CLANG_WARN__DUPLICATE_METHOD_MATCH = YES;
				"CODE_SIGN_IDENTITY[sdk=iphoneos*]" = "iPhone Developer";
				COPY_PHASE_STRIP = NO;
				DEBUG_INFORMATION_FORMAT = dwarf;
				ENABLE_STRICT_OBJC_MSGSEND = YES;
				ENABLE_TESTABILITY = YES;
				GCC_C_LANGUAGE_STANDARD = gnu99;
				GCC_DYNAMIC_NO_PIC = NO;
				GCC_NO_COMMON_BLOCKS = YES;
				GCC_OPTIMIZATION_LEVEL = 0;
				GCC_PREPROCESSOR_DEFINITIONS = (
					"DEBUG=1",
					"$(inherited)",
				);
				GCC_WARN_64_TO_32_BIT_CONVERSION = YES;
				GCC_WARN_ABOUT_RETURN_TYPE = YES_ERROR;
				GCC_WARN_UNDECLARED_SELECTOR = YES;
				GCC_WARN_UNINITIALIZED_AUTOS = YES_AGGRESSIVE;
				GCC_WARN_UNUSED_FUNCTION = YES;
				GCC_WARN_UNUSED_VARIABLE = YES;
				IPHONEOS_DEPLOYMENT_TARGET = 10.0;
				MTL_ENABLE_DEBUG_INFO = YES;
				ONLY_ACTIVE_ARCH = YES;
				SDKROOT = iphoneos;
			};
			name = Debug;
		};
		66F500971DAE1A49002E2854 /* Release */ = {
			isa = XCBuildConfiguration;
			buildSettings = {
				ALWAYS_SEARCH_USER_PATHS = NO;
				CLANG_ANALYZER_NONNULL = YES;
				CLANG_CXX_LANGUAGE_STANDARD = "gnu++0x";
				CLANG_CXX_LIBRARY = "libc++";
				CLANG_ENABLE_MODULES = YES;
				CLANG_ENABLE_OBJC_ARC = YES;
				CLANG_WARN_BOOL_CONVERSION = YES;
				CLANG_WARN_CONSTANT_CONVERSION = YES;
				CLANG_WARN_DIRECT_OBJC_ISA_USAGE = YES_ERROR;
				CLANG_WARN_DOCUMENTATION_COMMENTS = YES;
				CLANG_WARN_EMPTY_BODY = YES;
				CLANG_WARN_ENUM_CONVERSION = YES;
				CLANG_WARN_INFINITE_RECURSION = YES;
				CLANG_WARN_INT_CONVERSION = YES;
				CLANG_WARN_OBJC_ROOT_CLASS = YES_ERROR;
				CLANG_WARN_SUSPICIOUS_MOVES = YES;
				CLANG_WARN_UNREACHABLE_CODE = YES;
				CLANG_WARN__DUPLICATE_METHOD_MATCH = YES;
				"CODE_SIGN_IDENTITY[sdk=iphoneos*]" = "iPhone Developer";
				COPY_PHASE_STRIP = NO;
				DEBUG_INFORMATION_FORMAT = "dwarf-with-dsym";
				ENABLE_NS_ASSERTIONS = NO;
				ENABLE_STRICT_OBJC_MSGSEND = YES;
				GCC_C_LANGUAGE_STANDARD = gnu99;
				GCC_NO_COMMON_BLOCKS = YES;
				GCC_WARN_64_TO_32_BIT_CONVERSION = YES;
				GCC_WARN_ABOUT_RETURN_TYPE = YES_ERROR;
				GCC_WARN_UNDECLARED_SELECTOR = YES;
				GCC_WARN_UNINITIALIZED_AUTOS = YES_AGGRESSIVE;
				GCC_WARN_UNUSED_FUNCTION = YES;
				GCC_WARN_UNUSED_VARIABLE = YES;
				IPHONEOS_DEPLOYMENT_TARGET = 10.0;
				MTL_ENABLE_DEBUG_INFO = NO;
				SDKROOT = iphoneos;
				VALIDATE_PRODUCT = YES;
			};
			name = Release;
		};
		66F500991DAE1A49002E2854 /* Debug */ = {
			isa = XCBuildConfiguration;
			baseConfigurationReference = CD4DD87E41D0BF9B30BBDB75 /* Pods-LCTools.debug.xcconfig */;
			buildSettings = {
				ASSETCATALOG_COMPILER_APPICON_NAME = AppIcon;
				DEVELOPMENT_TEAM = ZP7C7YGT7K;
				INFOPLIST_FILE = LCTools/Info.plist;
				LD_RUNPATH_SEARCH_PATHS = "$(inherited) @executable_path/Frameworks";
				PRODUCT_BUNDLE_IDENTIFIER = com.wangshan.LCTools;
				PRODUCT_NAME = "$(TARGET_NAME)";
			};
			name = Debug;
		};
		66F5009A1DAE1A49002E2854 /* Release */ = {
			isa = XCBuildConfiguration;
			baseConfigurationReference = 2EDA774984989D25F3E51549 /* Pods-LCTools.release.xcconfig */;
			buildSettings = {
				ASSETCATALOG_COMPILER_APPICON_NAME = AppIcon;
				DEVELOPMENT_TEAM = ZP7C7YGT7K;
				INFOPLIST_FILE = LCTools/Info.plist;
				LD_RUNPATH_SEARCH_PATHS = "$(inherited) @executable_path/Frameworks";
				PRODUCT_BUNDLE_IDENTIFIER = com.wangshan.LCTools;
				PRODUCT_NAME = "$(TARGET_NAME)";
			};
			name = Release;
		};
/* End XCBuildConfiguration section */

/* Begin XCConfigurationList section */
		66F5007C1DAE1A48002E2854 /* Build configuration list for PBXProject "LCTools" */ = {
			isa = XCConfigurationList;
			buildConfigurations = (
				66F500961DAE1A49002E2854 /* Debug */,
				66F500971DAE1A49002E2854 /* Release */,
			);
			defaultConfigurationIsVisible = 0;
			defaultConfigurationName = Release;
		};
		66F500981DAE1A49002E2854 /* Build configuration list for PBXNativeTarget "LCTools" */ = {
			isa = XCConfigurationList;
			buildConfigurations = (
				66F500991DAE1A49002E2854 /* Debug */,
				66F5009A1DAE1A49002E2854 /* Release */,
			);
			defaultConfigurationIsVisible = 0;
			defaultConfigurationName = Release;
		};
/* End XCConfigurationList section */
	};
	rootObject = 66F500791DAE1A48002E2854 /* Project object */;
}
